
Microsoft Visual Studio Solution File, Format Version 12.00
# Visual Studio Version 17
VisualStudioVersion = 17.5.33414.496
MinimumVisualStudioVersion = 10.0.40219.1
Project("{9A19103F-16F7-4668-BE54-9A1E7A4F7556}") = "CreditXpertChallengeWebAPI", "CreditXpertChallengeTwoWebAPI\CreditXpertChallengeWebAPI.csproj", "{36B6E3C0-93B2-44B8-894C-583BFE9E7F87}"
EndProject
Project("{9A19103F-16F7-4668-BE54-9A1E7A4F7556}") = "CreditXpertChallengeWebApp", "CreditXpertChallengeWebApp\CreditXpertChallengeWebApp.csproj", "{1843BEE1-C692-4950-8661-A3CDAA630A80}"
EndProject
Global
	GlobalSection(SolutionConfigurationPlatforms) = preSolution
		Debug|Any CPU = Debug|Any CPU
		Release|Any CPU = Release|Any CPU
	EndGlobalSection
	GlobalSection(ProjectConfigurationPlatforms) = postSolution
		{36B6E3C0-93B2-44B8-894C-583BFE9E7F87}.Debug|Any CPU.ActiveCfg = Debug|Any CPU
		{36B6E3C0-93B2-44B8-894C-583BFE9E7F87}.Debug|Any CPU.Build.0 = Debug|Any CPU
		{36B6E3C0-93B2-44B8-894C-583BFE9E7F87}.Release|Any CPU.ActiveCfg = Release|Any CPU
		{36B6E3C0-93B2-44B8-894C-583BFE9E7F87}.Release|Any CPU.Build.0 = Release|Any CPU
		{1843BEE1-C692-4950-8661-A3CDAA630A80}.Debug|Any CPU.ActiveCfg = Debug|Any CPU
		{1843BEE1-C692-4950-8661-A3CDAA630A80}.Debug|Any CPU.Build.0 = Debug|Any CPU
		{1843BEE1-C692-4950-8661-A3CDAA630A80}.Release|Any CPU.ActiveCfg = Release|Any CPU
		{1843BEE1-C692-4950-8661-A3CDAA630A80}.Release|Any CPU.Build.0 = Release|Any CPU
	EndGlobalSection
	GlobalSection(SolutionProperties) = preSolution
		HideSolutionNode = FALSE
	EndGlobalSection
	GlobalSection(ExtensibilityGlobals) = postSolution
		SolutionGuid = {6F72BCAF-9C7D-4953-88E0-6BA60A6E3BC8}
	EndGlobalSection
EndGlobal
